{
  "nodes": {
    "browser-previews": {
      "inputs": {
        "flake-utils": "flake-utils",
        "nixpkgs": [
          "nixpkgs"
        ],
        "systems": "systems"
      },
      "locked": {
        "lastModified": 1769715990,
        "narHash": "sha256-sC+DUZJ7hgjAVZ61ZRiXeGnvWnXnZLQ7JyeNxpsnH5A=",
        "owner": "nix-community",
        "repo": "browser-previews",
        "rev": "bd08c829ef390f77c7d80f6a7dc3d6d114bb5b21",
        "type": "github"
      },
      "original": {
        "owner": "nix-community",
        "repo": "browser-previews",
        "type": "github"
      }
    },
    "chromium-pwa-wmclass-sync": {
      "inputs": {
        "nixpkgs": [
          "nixpkgs"
        ]
      },
      "locked": {
        "lastModified": 1768616571,
        "narHash": "sha256-NATDJBBWDOz8pVy3tQd3s4JnV6X8qOUII1DLXO35ONU=",
        "owner": "BohdanTkachenko",
        "repo": "chromium-pwa-wmclass-sync",
        "rev": "a4fb60a0e349311e12ab29a699ed14a215f5ad47",
        "type": "github"
      },
      "original": {
        "owner": "BohdanTkachenko",
        "repo": "chromium-pwa-wmclass-sync",
        "type": "github"
      }
    },
    "crane": {
      "locked": {
        "lastModified": 1769737823,
        "narHash": "sha256-DrBaNpZ+sJ4stXm+0nBX7zqZT9t9P22zbk6m5YhQxS4=",
        "owner": "ipetkov",
        "repo": "crane",
        "rev": "b2f45c3830aa96b7456a4c4bc327d04d7a43e1ba",
        "type": "github"
      },
      "original": {
        "owner": "ipetkov",
        "repo": "crane",
        "type": "github"
      }
    },
    "crane_2": {
      "locked": {
        "lastModified": 1766774972,
        "narHash": "sha256-8qxEFpj4dVmIuPn9j9z6NTbU+hrcGjBOvaxTzre5HmM=",
        "owner": "ipetkov",
        "repo": "crane",
        "rev": "01bc1d404a51a0a07e9d8759cd50a7903e218c82",
        "type": "github"
      },
      "original": {
        "owner": "ipetkov",
        "repo": "crane",
        "type": "github"
      }
    },
    "disko": {
      "inputs": {
        "nixpkgs": [
          "nixpkgs"
        ]
      },
      "locked": {
        "lastModified": 1768920986,
        "narHash": "sha256-CNzzBsRhq7gg4BMBuTDObiWDH/rFYHEuDRVOwCcwXw4=",
        "owner": "nix-community",
        "repo": "disko",
        "rev": "de5708739256238fb912c62f03988815db89ec9a",
        "type": "github"
      },
      "original": {
        "owner": "nix-community",
        "ref": "latest",
        "repo": "disko",
        "type": "github"
      }
    },
    "flake-compat": {
      "flake": false,
      "locked": {
        "lastModified": 1767039857,
        "narHash": "sha256-vNpUSpF5Nuw8xvDLj2KCwwksIbjua2LZCqhV1LNRDns=",
        "owner": "NixOS",
        "repo": "flake-compat",
        "rev": "5edf11c44bc78a0d334f6334cdaf7d60d732daab",
        "type": "github"
      },
      "original": {
        "owner": "NixOS",
        "repo": "flake-compat",
        "type": "github"
      }
    },
    "flake-parts": {
      "inputs": {
        "nixpkgs-lib": "nixpkgs-lib"
      },
      "locked": {
        "lastModified": 1765835352,
        "narHash": "sha256-XswHlK/Qtjasvhd1nOa1e8MgZ8GS//jBoTqWtrS1Giw=",
        "owner": "hercules-ci",
        "repo": "flake-parts",
        "rev": "a34fae9c08a15ad73f295041fec82323541400a9",
        "type": "github"
      },
      "original": {
        "owner": "hercules-ci",
        "repo": "flake-parts",
        "type": "github"
      }
    },
    "flake-utils": {
      "inputs": {
        "systems": [
          "browser-previews",
          "systems"
        ]
      },
      "locked": {
        "lastModified": 1731533236,
        "narHash": "sha256-l0KFg5HjrsfsO/JpG+r7fRrqm12kzFHyUHqHCVpMMbI=",
        "owner": "numtide",
        "repo": "flake-utils",
        "rev": "11707dc2f618dd54ca8739b309ec4fc024de578b",
        "type": "github"
      },
      "original": {
        "owner": "numtide",
        "repo": "flake-utils",
        "type": "github"
      }
    },
    "flake-utils_2": {
      "inputs": {
        "systems": "systems_2"
      },
      "locked": {
        "lastModified": 1731533236,
        "narHash": "sha256-l0KFg5HjrsfsO/JpG+r7fRrqm12kzFHyUHqHCVpMMbI=",
        "owner": "numtide",
        "repo": "flake-utils",
        "rev": "11707dc2f618dd54ca8739b309ec4fc024de578b",
        "type": "github"
      },
      "original": {
        "owner": "numtide",
        "repo": "flake-utils",
        "type": "github"
      }
    },
    "gitignore": {
      "inputs": {
        "nixpkgs": [
          "lanzaboote",
          "pre-commit",
          "nixpkgs"
        ]
      },
      "locked": {
        "lastModified": 1709087332,
        "narHash": "sha256-HG2cCnktfHsKV0s4XW83gU3F57gaTljL9KNSuG6bnQs=",
        "owner": "hercules-ci",
        "repo": "gitignore.nix",
        "rev": "637db329424fd7e46cf4185293b9cc8c88c95394",
        "type": "github"
      },
      "original": {
        "owner": "hercules-ci",
        "repo": "gitignore.nix",
        "type": "github"
      }
    },
    "home-manager": {
      "inputs": {
        "nixpkgs": [
          "nixpkgs"
        ]
      },
      "locked": {
        "lastModified": 1764652692,
        "narHash": "sha256-77UcCfGP8hc5571RmGPnN+wZABvrYwK9vSdlAatTHs8=",
        "owner": "BohdanTkachenko",
        "repo": "home-manager",
        "rev": "9373abf4a2618ee52d3e65aa02bb63857a699716",
        "type": "github"
      },
      "original": {
        "owner": "BohdanTkachenko",
        "ref": "systemd-path-25.11",
        "repo": "home-manager",
        "type": "github"
      }
    },
    "lanzaboote": {
      "inputs": {
        "crane": "crane",
        "nixpkgs": [
          "nixpkgs"
        ],
        "pre-commit": "pre-commit",
        "rust-overlay": "rust-overlay"
      },
      "locked": {
        "lastModified": 1770064250,
        "narHash": "sha256-3HB6gfnKZnwDoH77lnJktJtQWEZ+D35Oi53pNF6YwO4=",
        "owner": "nix-community",
        "repo": "lanzaboote",
        "rev": "9985b98c74dcc7b1c7ccfe8693daf37caa4ed2ea",
        "type": "github"
      },
      "original": {
        "owner": "nix-community",
        "repo": "lanzaboote",
        "type": "github"
      }
    },
    "nix-vscode-extensions": {
      "inputs": {
        "nixpkgs": [
          "nixpkgs-unstable"
        ]
      },
      "locked": {
        "lastModified": 1770172829,
        "narHash": "sha256-c8EA8r2/8Z4kuf2ETaBuhZmpxaZWOzt3p5SsEyGxZHI=",
        "owner": "nix-community",
        "repo": "nix-vscode-extensions",
        "rev": "8239c1145f39fe88dd1f2ed3db17b2e6e30beb2b",
        "type": "github"
      },
      "original": {
        "owner": "nix-community",
        "repo": "nix-vscode-extensions",
        "type": "github"
      }
    },
    "nixgl": {
      "inputs": {
        "flake-utils": "flake-utils_2",
        "nixpkgs": [
          "nixpkgs"
        ]
      },
      "locked": {
        "lastModified": 1762090880,
        "narHash": "sha256-fbRQzIGPkjZa83MowjbD2ALaJf9y6KMDdJBQMKFeY/8=",
        "owner": "nix-community",
        "repo": "nixGL",
        "rev": "b6105297e6f0cd041670c3e8628394d4ee247ed5",
        "type": "github"
      },
      "original": {
        "owner": "nix-community",
        "repo": "nixGL",
        "type": "github"
      }
    },
    "nixpkgs": {
      "locked": {
        "lastModified": 1770136044,
        "narHash": "sha256-tlFqNG/uzz2++aAmn4v8J0vAkV3z7XngeIIB3rM3650=",
        "owner": "NixOS",
        "repo": "nixpkgs",
        "rev": "e576e3c9cf9bad747afcddd9e34f51d18c855b4e",
        "type": "github"
      },
      "original": {
        "owner": "NixOS",
        "ref": "nixos-25.11",
        "repo": "nixpkgs",
        "type": "github"
      }
    },
    "nixpkgs-lib": {
      "locked": {
        "lastModified": 1765674936,
        "narHash": "sha256-k00uTP4JNfmejrCLJOwdObYC9jHRrr/5M/a/8L2EIdo=",
        "owner": "nix-community",
        "repo": "nixpkgs.lib",
        "rev": "2075416fcb47225d9b68ac469a5c4801a9c4dd85",
        "type": "github"
      },
      "original": {
        "owner": "nix-community",
        "repo": "nixpkgs.lib",
        "type": "github"
      }
    },
    "nixpkgs-unstable": {
      "locked": {
        "lastModified": 1770141374,
        "narHash": "sha256-yD4K/vRHPwXbJf5CK3JkptBA6nFWUKNX/jlFp2eKEQc=",
        "owner": "NixOS",
        "repo": "nixpkgs",
        "rev": "41965737c1797c1d83cfb0b644ed0840a6220bd1",
        "type": "github"
      },
      "original": {
        "owner": "NixOS",
        "ref": "nixpkgs-unstable",
        "repo": "nixpkgs",
        "type": "github"
      }
    },
    "pre-commit": {
      "inputs": {
        "flake-compat": "flake-compat",
        "gitignore": "gitignore",
        "nixpkgs": [
          "lanzaboote",
          "nixpkgs"
        ]
      },
      "locked": {
        "lastModified": 1769939035,
        "narHash": "sha256-Fok2AmefgVA0+eprw2NDwqKkPGEI5wvR+twiZagBvrg=",
        "owner": "cachix",
        "repo": "pre-commit-hooks.nix",
        "rev": "a8ca480175326551d6c4121498316261cbb5b260",
        "type": "github"
      },
      "original": {
        "owner": "cachix",
        "repo": "pre-commit-hooks.nix",
        "type": "github"
      }
    },
    "root": {
      "inputs": {
        "browser-previews": "browser-previews",
        "chromium-pwa-wmclass-sync": "chromium-pwa-wmclass-sync",
        "disko": "disko",
        "home-manager": "home-manager",
        "lanzaboote": "lanzaboote",
        "nix-vscode-extensions": "nix-vscode-extensions",
        "nixgl": "nixgl",
        "nixpkgs": "nixpkgs",
        "nixpkgs-unstable": "nixpkgs-unstable",
        "sops-nix": "sops-nix",
        "xremap": "xremap"
      }
    },
    "rust-overlay": {
      "inputs": {
        "nixpkgs": [
          "lanzaboote",
          "nixpkgs"
        ]
      },
      "locked": {
        "lastModified": 1770001842,
        "narHash": "sha256-ZAyTeILfdWwDp1nuF0RK3McBduMi49qnJvrS+3Ezpac=",
        "owner": "oxalica",
        "repo": "rust-overlay",
        "rev": "5018343419ea808f8a413241381976b7e60951f2",
        "type": "github"
      },
      "original": {
        "owner": "oxalica",
        "repo": "rust-overlay",
        "type": "github"
      }
    },
    "sops-nix": {
      "inputs": {
        "nixpkgs": [
          "nixpkgs"
        ]
      },
      "locked": {
        "lastModified": 1770145881,
        "narHash": "sha256-ktjWTq+D5MTXQcL9N6cDZXUf9kX8JBLLBLT0ZyOTSYY=",
        "owner": "Mic92",
        "repo": "sops-nix",
        "rev": "17eea6f3816ba6568b8c81db8a4e6ca438b30b7c",
        "type": "github"
      },
      "original": {
        "owner": "Mic92",
        "repo": "sops-nix",
        "type": "github"
      }
    },
    "systems": {
      "locked": {
        "lastModified": 1680978846,
        "narHash": "sha256-Gtqg8b/v49BFDpDetjclCYXm8mAnTrUzR0JnE2nv5aw=",
        "owner": "nix-systems",
        "repo": "x86_64-linux",
        "rev": "2ecfcac5e15790ba6ce360ceccddb15ad16d08a8",
        "type": "github"
      },
      "original": {
        "owner": "nix-systems",
        "repo": "x86_64-linux",
        "type": "github"
      }
    },
    "systems_2": {
      "locked": {
        "lastModified": 1681028828,
        "narHash": "sha256-Vy1rq5AaRuLzOxct8nz4T6wlgyUR7zLU309k9mBC768=",
        "owner": "nix-systems",
        "repo": "default",
        "rev": "da67096a3b9bf56a91d16901293e51ba5b49a27e",
        "type": "github"
      },
      "original": {
        "owner": "nix-systems",
        "repo": "default",
        "type": "github"
      }
    },
    "xremap": {
      "inputs": {
        "crane": "crane_2",
        "flake-parts": "flake-parts",
        "nixpkgs": [
          "nixpkgs"
        ],
        "xremap": "xremap_2"
      },
      "locked": {
        "lastModified": 1769636170,
        "narHash": "sha256-X000Dgg053Dv9NIzm1b9QYSAHYtW2jHMVALQezui7L0=",
        "owner": "xremap",
        "repo": "nix-flake",
        "rev": "00bc6dd4275d4b003a17ef7f5f271ba87f73d698",
        "type": "github"
      },
      "original": {
        "owner": "xremap",
        "repo": "nix-flake",
        "type": "github"
      }
    },
    "xremap_2": {
      "flake": false,
      "locked": {
        "lastModified": 1769021727,
        "narHash": "sha256-2wylBk3+Zu1pHa41dhKwvUtxOVyHSMRDfOD9fIp8x2I=",
        "owner": "k0kubun",
        "repo": "xremap",
        "rev": "890e0a6ca92e90f3bcbd1e235abcf2192e233a46",
        "type": "github"
      },
      "original": {
        "owner": "k0kubun",
        "ref": "v0.14.10",
        "repo": "xremap",
        "type": "github"
      }
    }
  },
  "root": "root",
  "version": 7
}
